
Microsoft Visual Studio Solution File, Format Version 12.00
# Visual Studio Version 17
VisualStudioVersion = 17.0.32014.148
MinimumVisualStudioVersion = 10.0.40219.1
Project("{888888A0-9F3D-457C-B088-3A5042F75D52}") = "VA_lab4", "VA_lab4.pyproj", "{1885BE3F-EBF0-4863-8C92-2ADCB18E6B71}"
EndProject
Global
	GlobalSection(SolutionConfigurationPlatforms) = preSolution
		Debug|Any CPU = Debug|Any CPU
		Release|Any CPU = Release|Any CPU
	EndGlobalSection
	GlobalSection(ProjectConfigurationPlatforms) = postSolution
		{1885BE3F-EBF0-4863-8C92-2ADCB18E6B71}.Debug|Any CPU.ActiveCfg = Debug|Any CPU
		{1885BE3F-EBF0-4863-8C92-2ADCB18E6B71}.Release|Any CPU.ActiveCfg = Release|Any CPU
	EndGlobalSection
	GlobalSection(SolutionProperties) = preSolution
		HideSolutionNode = FALSE
	EndGlobalSection
	GlobalSection(ExtensibilityGlobals) = postSolution
		SolutionGuid = {7351ED5B-3187-4AB3-B674-97E9A4AE3447}
	EndGlobalSection
EndGlobal
